
Microsoft Visual Studio Solution File, Format Version 12.00
# Visual Studio Version 17
VisualStudioVersion = 17.0.31903.59
MinimumVisualStudioVersion = 10.0.40219.1
Project("{2150E333-8FDC-42A3-9474-1A3956D46DE8}") = "src", "src", "{47609304-9978-457D-BF7F-D6A3748F82C1}"
EndProject
Project("{FAE04EC0-301F-11D3-BF4B-00C04F79EFBC}") = "QmkHidHostUnicode", "src\QmkHidHostUnicode\QmkHidHostUnicode.csproj", "{DE442EF4-BB2A-4310-ACEA-A8130E2504AB}"
EndProject
Global
	GlobalSection(SolutionConfigurationPlatforms) = preSolution
		Debug|Any CPU = Debug|Any CPU
		Release|Any CPU = Release|Any CPU
	EndGlobalSection
	GlobalSection(SolutionProperties) = preSolution
		HideSolutionNode = FALSE
	EndGlobalSection
	GlobalSection(ProjectConfigurationPlatforms) = postSolution
		{DE442EF4-BB2A-4310-ACEA-A8130E2504AB}.Debug|Any CPU.ActiveCfg = Debug|Any CPU
		{DE442EF4-BB2A-4310-ACEA-A8130E2504AB}.Debug|Any CPU.Build.0 = Debug|Any CPU
		{DE442EF4-BB2A-4310-ACEA-A8130E2504AB}.Release|Any CPU.ActiveCfg = Release|Any CPU
		{DE442EF4-BB2A-4310-ACEA-A8130E2504AB}.Release|Any CPU.Build.0 = Release|Any CPU
	EndGlobalSection
	GlobalSection(NestedProjects) = preSolution
		{DE442EF4-BB2A-4310-ACEA-A8130E2504AB} = {47609304-9978-457D-BF7F-D6A3748F82C1}
	EndGlobalSection
EndGlobal
